// !$*UTF8*$!
{
	archiveVersion = 1;
	classes = {
	};
	objectVersion = 55;
	objects = {

/* Begin PBXBuildFile section */
		25CA2DA727FFB26F008E789F /* LuizClaro_Lab6App.swift in Sources */ = {isa = PBXBuildFile; fileRef = 25CA2DA627FFB26F008E789F /* LuizClaro_Lab6App.swift */; };
		25CA2DA927FFB26F008E789F /* ContentView.swift in Sources */ = {isa = PBXBuildFile; fileRef = 25CA2DA827FFB26F008E789F /* ContentView.swift */; };
		25CA2DAB27FFB270008E789F /* Assets.xcassets in Resources */ = {isa = PBXBuildFile; fileRef = 25CA2DAA27FFB270008E789F /* Assets.xcassets */; };
		25CA2DAE27FFB270008E789F /* Preview Assets.xcassets in Resources */ = {isa = PBXBuildFile; fileRef = 25CA2DAD27FFB270008E789F /* Preview Assets.xcassets */; };
		25CA2DC027FFB497008E789F /* AudioPlayer.swift in Sources */ = {isa = PBXBuildFile; fileRef = 25CA2DB727FFB497008E789F /* AudioPlayer.swift */; };
		25CA2DC127FFB497008E789F /* SongDetailView.swift in Sources */ = {isa = PBXBuildFile; fileRef = 25CA2DB827FFB497008E789F /* SongDetailView.swift */; };
		25CA2DC327FFB497008E789F /* SongDownload.swift in Sources */ = {isa = PBXBuildFile; fileRef = 25CA2DBB27FFB497008E789F /* SongDownload.swift */; };
		25CA2DC427FFB497008E789F /* MediaResponse.swift in Sources */ = {isa = PBXBuildFile; fileRef = 25CA2DBC27FFB497008E789F /* MediaResponse.swift */; };
		25CA2DC727FFC6AF008E789F /* AllMyLife.json in Resources */ = {isa = PBXBuildFile; fileRef = 25CA2DC627FFC6AF008E789F /* AllMyLife.json */; };
/* End PBXBuildFile section */

/* Begin PBXFileReference section */
		25CA2DA327FFB26F008E789F /* LuizClaro_Lab6.app */ = {isa = PBXFileReference; explicitFileType = wrapper.application; includeInIndex = 0; path = LuizClaro_Lab6.app; sourceTree = BUILT_PRODUCTS_DIR; };
		25CA2DA627FFB26F008E789F /* LuizClaro_Lab6App.swift */ = {isa = PBXFileReference; lastKnownFileType = sourcecode.swift; path = LuizClaro_Lab6App.swift; sourceTree = "<group>"; };
		25CA2DA827FFB26F008E789F /* ContentView.swift */ = {isa = PBXFileReference; lastKnownFileType = sourcecode.swift; path = ContentView.swift; sourceTree = "<group>"; };
		25CA2DAA27FFB270008E789F /* Assets.xcassets */ = {isa = PBXFileReference; lastKnownFileType = folder.assetcatalog; path = Assets.xcassets; sourceTree = "<group>"; };
		25CA2DAD27FFB270008E789F /* Preview Assets.xcassets */ = {isa = PBXFileReference; lastKnownFileType = folder.assetcatalog; path = "Preview Assets.xcassets"; sourceTree = "<group>"; };
		25CA2DB727FFB497008E789F /* AudioPlayer.swift */ = {isa = PBXFileReference; fileEncoding = 4; lastKnownFileType = sourcecode.swift; path = AudioPlayer.swift; sourceTree = "<group>"; };
		25CA2DB827FFB497008E789F /* SongDetailView.swift */ = {isa = PBXFileReference; fileEncoding = 4; lastKnownFileType = sourcecode.swift; path = SongDetailView.swift; sourceTree = "<group>"; };
		25CA2DBB27FFB497008E789F /* SongDownload.swift */ = {isa = PBXFileReference; fileEncoding = 4; lastKnownFileType = sourcecode.swift; path = SongDownload.swift; sourceTree = "<group>"; };
		25CA2DBC27FFB497008E789F /* MediaResponse.swift */ = {isa = PBXFileReference; fileEncoding = 4; lastKnownFileType = sourcecode.swift; path = MediaResponse.swift; sourceTree = "<group>"; };
		25CA2DC627FFC6AF008E789F /* AllMyLife.json */ = {isa = PBXFileReference; fileEncoding = 4; lastKnownFileType = text.json; path = AllMyLife.json; sourceTree = "<group>"; };
/* End PBXFileReference section */

/* Begin PBXFrameworksBuildPhase section */
		25CA2DA027FFB26F008E789F /* Frameworks */ = {
			isa = PBXFrameworksBuildPhase;
			buildActionMask = 2147483647;
			files = (
			);
			runOnlyForDeploymentPostprocessing = 0;
		};
/* End PBXFrameworksBuildPhase section */

/* Begin PBXGroup section */
		25CA2D9A27FFB26F008E789F = {
			isa = PBXGroup;
			children = (
				25CA2DA527FFB26F008E789F /* LuizClaro_Lab6 */,
				25CA2DA427FFB26F008E789F /* Products */,
			);
			sourceTree = "<group>";
		};
		25CA2DA427FFB26F008E789F /* Products */ = {
			isa = PBXGroup;
			children = (
				25CA2DA327FFB26F008E789F /* LuizClaro_Lab6.app */,
			);
			name = Products;
			sourceTree = "<group>";
		};
		25CA2DA527FFB26F008E789F /* LuizClaro_Lab6 */ = {
			isa = PBXGroup;
			children = (
				25CA2DC627FFC6AF008E789F /* AllMyLife.json */,
				25CA2DBA27FFB497008E789F /* Model */,
				25CA2DB627FFB497008E789F /* Views */,
				25CA2DA627FFB26F008E789F /* LuizClaro_Lab6App.swift */,
				25CA2DA827FFB26F008E789F /* ContentView.swift */,
				25CA2DAA27FFB270008E789F /* Assets.xcassets */,
				25CA2DAC27FFB270008E789F /* Preview Content */,
			);
			path = LuizClaro_Lab6;
			sourceTree = "<group>";
		};
		25CA2DAC27FFB270008E789F /* Preview Content */ = {
			isa = PBXGroup;
			children = (
				25CA2DAD27FFB270008E789F /* Preview Assets.xcassets */,
			);
			path = "Preview Content";
			sourceTree = "<group>";
		};
		25CA2DB627FFB497008E789F /* Views */ = {
			isa = PBXGroup;
			children = (
				25CA2DB727FFB497008E789F /* AudioPlayer.swift */,
				25CA2DB827FFB497008E789F /* SongDetailView.swift */,
			);
			path = Views;
			sourceTree = "<group>";
		};
		25CA2DBA27FFB497008E789F /* Model */ = {
			isa = PBXGroup;
			children = (
				25CA2DBB27FFB497008E789F /* SongDownload.swift */,
				25CA2DBC27FFB497008E789F /* MediaResponse.swift */,
			);
			path = Model;
			sourceTree = "<group>";
		};
/* End PBXGroup section */

/* Begin PBXNativeTarget section */
		25CA2DA227FFB26F008E789F /* LuizClaro_Lab6 */ = {
			isa = PBXNativeTarget;
			buildConfigurationList = 25CA2DB127FFB270008E789F /* Build configuration list for PBXNativeTarget "LuizClaro_Lab6" */;
			buildPhases = (
				25CA2D9F27FFB26F008E789F /* Sources */,
				25CA2DA027FFB26F008E789F /* Frameworks */,
				25CA2DA127FFB26F008E789F /* Resources */,
			);
			buildRules = (
			);
			dependencies = (
			);
			name = LuizClaro_Lab6;
			productName = LuizClaro_Lab6;
			productReference = 25CA2DA327FFB26F008E789F /* LuizClaro_Lab6.app */;
			productType = "com.apple.product-type.application";
		};
/* End PBXNativeTarget section */

/* Begin PBXProject section */
		25CA2D9B27FFB26F008E789F /* Project object */ = {
			isa = PBXProject;
			attributes = {
				BuildIndependentTargetsInParallel = 1;
				LastSwiftUpdateCheck = 1330;
				LastUpgradeCheck = 1330;
				TargetAttributes = {
					25CA2DA227FFB26F008E789F = {
						CreatedOnToolsVersion = 13.3;
					};
				};
			};
			buildConfigurationList = 25CA2D9E27FFB26F008E789F /* Build configuration list for PBXProject "LuizClaro_Lab6" */;
			compatibilityVersion = "Xcode 13.0";
			developmentRegion = en;
			hasScannedForEncodings = 0;
			knownRegions = (
				en,
				Base,
			);
			mainGroup = 25CA2D9A27FFB26F008E789F;
			productRefGroup = 25CA2DA427FFB26F008E789F /* Products */;
			projectDirPath = "";
			projectRoot = "";
			targets = (
				25CA2DA227FFB26F008E789F /* LuizClaro_Lab6 */,
			);
		};
/* End PBXProject section */

/* Begin PBXResourcesBuildPhase section */
		25CA2DA127FFB26F008E789F /* Resources */ = {
			isa = PBXResourcesBuildPhase;
			buildActionMask = 2147483647;
			files = (
				25CA2DC727FFC6AF008E789F /* AllMyLife.json in Resources */,
				25CA2DAE27FFB270008E789F /* Preview Assets.xcassets in Resources */,
				25CA2DAB27FFB270008E789F /* Assets.xcassets in Resources */,
			);
			runOnlyForDeploymentPostprocessing = 0;
		};
/* End PBXResourcesBuildPhase section */

/* Begin PBXSourcesBuildPhase section */
		25CA2D9F27FFB26F008E789F /* Sources */ = {
			isa = PBXSourcesBuildPhase;
			buildActionMask = 2147483647;
			files = (
				25CA2DA927FFB26F008E789F /* ContentView.swift in Sources */,
				25CA2DC027FFB497008E789F /* AudioPlayer.swift in Sources */,
				25CA2DC327FFB497008E789F /* SongDownload.swift in Sources */,
				25CA2DC427FFB497008E789F /* MediaResponse.swift in Sources */,
				25CA2DA727FFB26F008E789F /* LuizClaro_Lab6App.swift in Sources */,
				25CA2DC127FFB497008E789F /* SongDetailView.swift in Sources */,
			);
			runOnlyForDeploymentPostprocessing = 0;
		};
/* End PBXSourcesBuildPhase section */

/* Begin XCBuildConfiguration section */
		25CA2DAF27FFB270008E789F /* Debug */ = {
			isa = XCBuildConfiguration;
			buildSettings = {
				ALWAYS_SEARCH_USER_PATHS = NO;
				CLANG_ANALYZER_NONNULL = YES;
				CLANG_ANALYZER_NUMBER_OBJECT_CONVERSION = YES_AGGRESSIVE;
				CLANG_CXX_LANGUAGE_STANDARD = "gnu++17";
				CLANG_ENABLE_MODULES = YES;
				CLANG_ENABLE_OBJC_ARC = YES;
				CLANG_ENABLE_OBJC_WEAK = YES;
				CLANG_WARN_BLOCK_CAPTURE_AUTORELEASING = YES;
				CLANG_WARN_BOOL_CONVERSION = YES;
				CLANG_WARN_COMMA = YES;
				CLANG_WARN_CONSTANT_CONVERSION = YES;
				CLANG_WARN_DEPRECATED_OBJC_IMPLEMENTATIONS = YES;
				CLANG_WARN_DIRECT_OBJC_ISA_USAGE = YES_ERROR;
				CLANG_WARN_DOCUMENTATION_COMMENTS = YES;
				CLANG_WARN_EMPTY_BODY = YES;
				CLANG_WARN_ENUM_CONVERSION = YES;
				CLANG_WARN_INFINITE_RECURSION = YES;
				CLANG_WARN_INT_CONVERSION = YES;
				CLANG_WARN_NON_LITERAL_NULL_CONVERSION = YES;
				CLANG_WARN_OBJC_IMPLICIT_RETAIN_SELF = YES;
				CLANG_WARN_OBJC_LITERAL_CONVERSION = YES;
				CLANG_WARN_OBJC_ROOT_CLASS = YES_ERROR;
				CLANG_WARN_QUOTED_INCLUDE_IN_FRAMEWORK_HEADER = YES;
				CLANG_WARN_RANGE_LOOP_ANALYSIS = YES;
				CLANG_WARN_STRICT_PROTOTYPES = YES;
				CLANG_WARN_SUSPICIOUS_MOVE = YES;
				CLANG_WARN_UNGUARDED_AVAILABILITY = YES_AGGRESSIVE;
				CLANG_WARN_UNREACHABLE_CODE = YES;
				CLANG_WARN__DUPLICATE_METHOD_MATCH = YES;
				COPY_PHASE_STRIP = NO;
				DEBUG_INFORMATION_FORMAT = dwarf;
				ENABLE_STRICT_OBJC_MSGSEND = YES;
				ENABLE_TESTABILITY = YES;
				GCC_C_LANGUAGE_STANDARD = gnu11;
				GCC_DYNAMIC_NO_PIC = NO;
				GCC_NO_COMMON_BLOCKS = YES;
				GCC_OPTIMIZATION_LEVEL = 0;
				GCC_PREPROCESSOR_DEFINITIONS = (
					"DEBUG=1",
					"$(inherited)",
				);
				GCC_WARN_64_TO_32_BIT_CONVERSION = YES;
				GCC_WARN_ABOUT_RETURN_TYPE = YES_ERROR;
				GCC_WARN_UNDECLARED_SELECTOR = YES;
				GCC_WARN_UNINITIALIZED_AUTOS = YES_AGGRESSIVE;
				GCC_WARN_UNUSED_FUNCTION = YES;
				GCC_WARN_UNUSED_VARIABLE = YES;
				IPHONEOS_DEPLOYMENT_TARGET = 15.4;
				MTL_ENABLE_DEBUG_INFO = INCLUDE_SOURCE;
				MTL_FAST_MATH = YES;
				ONLY_ACTIVE_ARCH = YES;
				SDKROOT = iphoneos;
				SWIFT_ACTIVE_COMPILATION_CONDITIONS = DEBUG;
				SWIFT_OPTIMIZATION_LEVEL = "-Onone";
			};
			name = Debug;
		};
		25CA2DB027FFB270008E789F /* Release */ = {
			isa = XCBuildConfiguration;
			buildSettings = {
				ALWAYS_SEARCH_USER_PATHS = NO;
				CLANG_ANALYZER_NONNULL = YES;
				CLANG_ANALYZER_NUMBER_OBJECT_CONVERSION = YES_AGGRESSIVE;
				CLANG_CXX_LANGUAGE_STANDARD = "gnu++17";
				CLANG_ENABLE_MODULES = YES;
				CLANG_ENABLE_OBJC_ARC = YES;
				CLANG_ENABLE_OBJC_WEAK = YES;
				CLANG_WARN_BLOCK_CAPTURE_AUTORELEASING = YES;
				CLANG_WARN_BOOL_CONVERSION = YES;
				CLANG_WARN_COMMA = YES;
				CLANG_WARN_CONSTANT_CONVERSION = YES;
				CLANG_WARN_DEPRECATED_OBJC_IMPLEMENTATIONS = YES;
				CLANG_WARN_DIRECT_OBJC_ISA_USAGE = YES_ERROR;
				CLANG_WARN_DOCUMENTATION_COMMENTS = YES;
				CLANG_WARN_EMPTY_BODY = YES;
				CLANG_WARN_ENUM_CONVERSION = YES;
				CLANG_WARN_INFINITE_RECURSION = YES;
				CLANG_WARN_INT_CONVERSION = YES;
				CLANG_WARN_NON_LITERAL_NULL_CONVERSION = YES;
				CLANG_WARN_OBJC_IMPLICIT_RETAIN_SELF = YES;
				CLANG_WARN_OBJC_LITERAL_CONVERSION = YES;
				CLANG_WARN_OBJC_ROOT_CLASS = YES_ERROR;
				CLANG_WARN_QUOTED_INCLUDE_IN_FRAMEWORK_HEADER = YES;
				CLANG_WARN_RANGE_LOOP_ANALYSIS = YES;
				CLANG_WARN_STRICT_PROTOTYPES = YES;
				CLANG_WARN_SUSPICIOUS_MOVE = YES;
				CLANG_WARN_UNGUARDED_AVAILABILITY = YES_AGGRESSIVE;
				CLANG_WARN_UNREACHABLE_CODE = YES;
				CLANG_WARN__DUPLICATE_METHOD_MATCH = YES;
				COPY_PHASE_STRIP = NO;
				DEBUG_INFORMATION_FORMAT = "dwarf-with-dsym";
				ENABLE_NS_ASSERTIONS = NO;
				ENABLE_STRICT_OBJC_MSGSEND = YES;
				GCC_C_LANGUAGE_STANDARD = gnu11;
				GCC_NO_COMMON_BLOCKS = YES;
				GCC_WARN_64_TO_32_BIT_CONVERSION = YES;
				GCC_WARN_ABOUT_RETURN_TYPE = YES_ERROR;
				GCC_WARN_UNDECLARED_SELECTOR = YES;
				GCC_WARN_UNINITIALIZED_AUTOS = YES_AGGRESSIVE;
				GCC_WARN_UNUSED_FUNCTION = YES;
				GCC_WARN_UNUSED_VARIABLE = YES;
				IPHONEOS_DEPLOYMENT_TARGET = 15.4;
				MTL_ENABLE_DEBUG_INFO = NO;
				MTL_FAST_MATH = YES;
				SDKROOT = iphoneos;
				SWIFT_COMPILATION_MODE = wholemodule;
				SWIFT_OPTIMIZATION_LEVEL = "-O";
				VALIDATE_PRODUCT = YES;
			};
			name = Release;
		};
		25CA2DB227FFB270008E789F /* Debug */ = {
			isa = XCBuildConfiguration;
			buildSettings = {
				ASSETCATALOG_COMPILER_APPICON_NAME = AppIcon;
				ASSETCATALOG_COMPILER_GLOBAL_ACCENT_COLOR_NAME = AccentColor;
				CODE_SIGN_STYLE = Automatic;
				CURRENT_PROJECT_VERSION = 1;
				DEVELOPMENT_ASSET_PATHS = "\"LuizClaro_Lab6/Preview Content\"";
				DEVELOPMENT_TEAM = W55N9X4F39;
				ENABLE_PREVIEWS = YES;
				GENERATE_INFOPLIST_FILE = YES;
				INFOPLIST_KEY_UIApplicationSceneManifest_Generation = YES;
				INFOPLIST_KEY_UIApplicationSupportsIndirectInputEvents = YES;
				INFOPLIST_KEY_UILaunchScreen_Generation = YES;
				INFOPLIST_KEY_UISupportedInterfaceOrientations_iPad = "UIInterfaceOrientationPortrait UIInterfaceOrientationPortraitUpsideDown UIInterfaceOrientationLandscapeLeft UIInterfaceOrientationLandscapeRight";
				INFOPLIST_KEY_UISupportedInterfaceOrientations_iPhone = "UIInterfaceOrientationPortrait UIInterfaceOrientationLandscapeLeft UIInterfaceOrientationLandscapeRight";
				LD_RUNPATH_SEARCH_PATHS = (
					"$(inherited)",
					"@executable_path/Frameworks",
				);
				MARKETING_VERSION = 1.0;
				PRODUCT_BUNDLE_IDENTIFIER = "humber.LuizClaro-Lab6";
				PRODUCT_NAME = "$(TARGET_NAME)";
				SWIFT_EMIT_LOC_STRINGS = YES;
				SWIFT_VERSION = 5.0;
				TARGETED_DEVICE_FAMILY = "1,2";
			};
			name = Debug;
		};
		25CA2DB327FFB270008E789F /* Release */ = {
			isa = XCBuildConfiguration;
			buildSettings = {
				ASSETCATALOG_COMPILER_APPICON_NAME = AppIcon;
				ASSETCATALOG_COMPILER_GLOBAL_ACCENT_COLOR_NAME = AccentColor;
				CODE_SIGN_STYLE = Automatic;
				CURRENT_PROJECT_VERSION = 1;
				DEVELOPMENT_ASSET_PATHS = "\"LuizClaro_Lab6/Preview Content\"";
				DEVELOPMENT_TEAM = W55N9X4F39;
				ENABLE_PREVIEWS = YES;
				GENERATE_INFOPLIST_FILE = YES;
				INFOPLIST_KEY_UIApplicationSceneManifest_Generation = YES;
				INFOPLIST_KEY_UIApplicationSupportsIndirectInputEvents = YES;
				INFOPLIST_KEY_UILaunchScreen_Generation = YES;
				INFOPLIST_KEY_UISupportedInterfaceOrientations_iPad = "UIInterfaceOrientationPortrait UIInterfaceOrientationPortraitUpsideDown UIInterfaceOrientationLandscapeLeft UIInterfaceOrientationLandscapeRight";
				INFOPLIST_KEY_UISupportedInterfaceOrientations_iPhone = "UIInterfaceOrientationPortrait UIInterfaceOrientationLandscapeLeft UIInterfaceOrientationLandscapeRight";
				LD_RUNPATH_SEARCH_PATHS = (
					"$(inherited)",
					"@executable_path/Frameworks",
				);
				MARKETING_VERSION = 1.0;
				PRODUCT_BUNDLE_IDENTIFIER = "humber.LuizClaro-Lab6";
				PRODUCT_NAME = "$(TARGET_NAME)";
				SWIFT_EMIT_LOC_STRINGS = YES;
				SWIFT_VERSION = 5.0;
				TARGETED_DEVICE_FAMILY = "1,2";
			};
			name = Release;
		};
/* End XCBuildConfiguration section */

/* Begin XCConfigurationList section */
		25CA2D9E27FFB26F008E789F /* Build configuration list for PBXProject "LuizClaro_Lab6" */ = {
			isa = XCConfigurationList;
			buildConfigurations = (
				25CA2DAF27FFB270008E789F /* Debug */,
				25CA2DB027FFB270008E789F /* Release */,
			);
			defaultConfigurationIsVisible = 0;
			defaultConfigurationName = Release;
		};
		25CA2DB127FFB270008E789F /* Build configuration list for PBXNativeTarget "LuizClaro_Lab6" */ = {
			isa = XCConfigurationList;
			buildConfigurations = (
				25CA2DB227FFB270008E789F /* Debug */,
				25CA2DB327FFB270008E789F /* Release */,
			);
			defaultConfigurationIsVisible = 0;
			defaultConfigurationName = Release;
		};
/* End XCConfigurationList section */
	};
	rootObject = 25CA2D9B27FFB26F008E789F /* Project object */;
}
